github.com/go-text/typesetting v0.3.4 h1:YYurUOtEb9kGSOz4uE3k4OpBGsp1dDL8+fjCeaFamAU=
github.com/go-text/typesetting v0.3.4/go.mod h1:4qZCQphq4KSgGTAeI0uMEkVbROgfah8BuyF5LRYr7XY=
github.com/go-text/typesetting-utils v0.0.0-20260223113751-2d88ac90dae3 h1:drBZzMgdYPbmyXqOto4YhhJGrFIQCX94FpR4MzTCsos=
github.com/go-text/typesetting-utils v0.0.0-20260223113751-2d88ac90dae3/go.mod h1:3/62I4La/HBRX9TcTpBj4eipLiwzf+vhI+7whTc9V7o=
github.com/go-webgpu/goffi v0.5.0 h1:EuvVRiRn9qAfCkYYXbHs9gz8NY+zv2/OA1N7gi56UVE=
github.com/go-webgpu/goffi v0.5.0/go.mod h1:wfoxNsJkU+5RFbV1kNN1kunhc1lFHuJKK3zpgx08/uM=
github.com/go-webgpu/webgpu v0.4.3 h1:dIBf7WgO/7VL2Cj7IFcq151rWqvSknsFe6k/+ZEEXEE=
github.com/go-webgpu/webgpu v0.4.3/go.mod h1:HNIBiaMJNdPeQd6hmHdQsXg4t4R99xVQybnoDGOShe0=
github.com/gogpu/gg v0.44.1 h1:g5QPLnX1xDx0JPdwYqKYnpmEhz1/GRaPC7OnMMIPhlQ=
github.com/gogpu/gg v0.44.1/go.mod h1:fMFOLpxJHXFn8K7GdfmOIkK7NUiPdJ+yHjcAIQbq2Qo=
github.com/gogpu/gogpu v0.31.0 h1:vrV0d2DhPNacYoSetkqWzHu3wI+rSCEmvmF6S7pSVus=
github.com/gogpu/gogpu v0.31.0/go.mod h1:pPMTJ4s+Xfw+gbcO9GWijN9CmQ2J/8JP2GcZjhVHa2w=
github.com/gogpu/gogpu v0.31.1 h1:kiSIClIWGGORRtgA5LMNUxqrtNg3Ob32gxyeXEkWLII=
github.com/gogpu/gogpu v0.31.1/go.mod h1:pPMTJ4s+Xfw+gbcO9GWijN9CmQ2J/8JP2GcZjhVHa2w=
github.com/gogpu/gpucontext v0.16.0 h1:33PhNAtaTyOjpR/foSzW4JjgWjX1W4cuJxjofGFs74M=
github.com/gogpu/gpucontext v0.16.0/go.mod h1:6zwdmYXH5GQltoiHbb3WXVS/UJ5bFsCux0mXCVqGlzY=
github.com/gogpu/gputypes v0.5.0 h1:i2ED/9w6m6yLxf8XJT69/NIMSNTLO2y5F1LqvugCKIE=
github.com/gogpu/gputypes v0.5.0/go.mod h1:cnXrDMwTpWTvJLW1Vreop3PcT6a2YP/i3s91rPaOavw=
github.com/gogpu/naga v0.17.10 h1:dJjMXb7b5ybSK8XbsiCA5aUVIAvLHjJg129FB1Ocz/I=
github.com/gogpu/naga v0.17.10/go.mod h1:15sQaHKkbqXcwTN+hHYGLsA0WBBnkmYzne/eF5p5WEg=
github.com/gogpu/wgpu v0.26.12 h1:lJQVycMf01010YpG4vnODtEWXVHGhAbsK7ksstnRVys=
github.com/gogpu/wgpu v0.26.12/go.mod h1:qiJGYshbptL0nHkoDPW/j7aZw2ILADBTXDsPyPTylCU=
golang.org/x/image v0.39.0 h1:skVYidAEVKgn8lZ602XO75asgXBgLj9G/FE3RbuPFww=
golang.org/x/image v0.39.0/go.mod h1:sIbmppfU+xFLPIG0FoVUTvyBMmgng1/XAMhQ2ft0hpA=
golang.org/x/sys v0.43.0 h1:Rlag2XtaFTxp19wS8MXlJwTvoh8ArU6ezoyFsMyCTNI=
golang.org/x/sys v0.43.0/go.mod h1:4GL1E5IUh+htKOUEOaiffhrAeqysfVGipDYzABqnCmw=
golang.org/x/text v0.36.0 h1:JfKh3XmcRPqZPKevfXVpI1wXPTqbkE5f7JA92a55Yxg=
golang.org/x/text v0.36.0/go.mod h1:NIdBknypM8iqVmPiuco0Dh6P5Jcdk8lJL0CUebqK164=
