github.com/go-text/typesetting v0.3.4 h1:YYurUOtEb9kGSOz4uE3k4OpBGsp1dDL8+fjCeaFamAU=
github.com/go-text/typesetting v0.3.4/go.mod h1:4qZCQphq4KSgGTAeI0uMEkVbROgfah8BuyF5LRYr7XY=
github.com/go-text/typesetting-utils v0.0.0-20260223113751-2d88ac90dae3 h1:drBZzMgdYPbmyXqOto4YhhJGrFIQCX94FpR4MzTCsos=
github.com/go-text/typesetting-utils v0.0.0-20260223113751-2d88ac90dae3/go.mod h1:3/62I4La/HBRX9TcTpBj4eipLiwzf+vhI+7whTc9V7o=
github.com/go-webgpu/goffi v0.5.0 h1:EuvVRiRn9qAfCkYYXbHs9gz8NY+zv2/OA1N7gi56UVE=
github.com/go-webgpu/goffi v0.5.0/go.mod h1:wfoxNsJkU+5RFbV1kNN1kunhc1lFHuJKK3zpgx08/uM=
github.com/go-webgpu/webgpu v0.4.3 h1:dIBf7WgO/7VL2Cj7IFcq151rWqvSknsFe6k/+ZEEXEE=
github.com/go-webgpu/webgpu v0.4.3/go.mod h1:HNIBiaMJNdPeQd6hmHdQsXg4t4R99xVQybnoDGOShe0=
github.com/gogpu/gg v0.44.1 h1:g5QPLnX1xDx0JPdwYqKYnpmEhz1/GRaPC7OnMMIPhlQ=
github.com/gogpu/gg v0.44.1/go.mod h1:fMFOLpxJHXFn8K7GdfmOIkK7NUiPdJ+yHjcAIQbq2Qo=
github.com/gogpu/gg v0.45.1 h1:d/GBNOZMtFShEx5sJtDvACYfIJY2rJJXKiHsbxrj7aU=
github.com/gogpu/gg v0.45.1/go.mod h1:cXG+IIuvtuVcV7lkVKtPuhaR6QQO2Wh+fdG7egI0xV4=
github.com/gogpu/gg v0.45.3 h1:rB4+8jrWfDBvFI80FhJ8ZFojRGZhLyLkjK5qogRitu8=
github.com/gogpu/gg v0.45.3/go.mod h1:cXG+IIuvtuVcV7lkVKtPuhaR6QQO2Wh+fdG7egI0xV4=
github.com/gogpu/gogpu v0.31.0 h1:vrV0d2DhPNacYoSetkqWzHu3wI+rSCEmvmF6S7pSVus=
github.com/gogpu/gogpu v0.31.0/go.mod h1:pPMTJ4s+Xfw+gbcO9GWijN9CmQ2J/8JP2GcZjhVHa2w=
github.com/gogpu/gogpu v0.31.1 h1:kiSIClIWGGORRtgA5LMNUxqrtNg3Ob32gxyeXEkWLII=
github.com/gogpu/gogpu v0.31.1/go.mod h1:pPMTJ4s+Xfw+gbcO9GWijN9CmQ2J/8JP2GcZjhVHa2w=
github.com/gogpu/gogpu v0.32.0 h1:RiT+T1PS5FfpjN7ax/V3Oo1folwtc7nljeYNuRK2eS8=
github.com/gogpu/gogpu v0.32.0/go.mod h1:WrZGmE899hqMQGTeu8PVQIIhD8b6YllsespLuiybgqc=
github.com/gogpu/gogpu v0.32.2 h1:tEx3xxNQB2a0Wc+5AAH/PYM+e+IqqYZl4w+UlQqDxvg=
github.com/gogpu/gogpu v0.32.2/go.mod h1:WrZGmE899hqMQGTeu8PVQIIhD8b6YllsespLuiybgqc=
github.com/gogpu/gogpu v0.34.1 h1:Dx2OMN5+89JT6YoeuCWgZ9tU4hGunb7OyKbLBTZkK2Q=
github.com/gogpu/gogpu v0.34.1/go.mod h1:sRl3o9Oth3E0TDq98h1SIcBvKN+NsguMXcwNLXLNd44=
github.com/gogpu/gpucontext v0.16.0 h1:33PhNAtaTyOjpR/foSzW4JjgWjX1W4cuJxjofGFs74M=
github.com/gogpu/gpucontext v0.16.0/go.mod h1:6zwdmYXH5GQltoiHbb3WXVS/UJ5bFsCux0mXCVqGlzY=
github.com/gogpu/gpucontext v0.17.0 h1:ptwrnCfZn0fMJa7yZU0FHy4CXNsmb6bdYJRFo0SFNN8=
github.com/gogpu/gpucontext v0.17.0/go.mod h1:6zwdmYXH5GQltoiHbb3WXVS/UJ5bFsCux0mXCVqGlzY=
github.com/gogpu/gpucontext v0.18.0 h1:Y48ScE0cNPevoqZEhT8CxWGh9C86TeCjtLu5eFU+Grw=
github.com/gogpu/gpucontext v0.18.0/go.mod h1:6zwdmYXH5GQltoiHbb3WXVS/UJ5bFsCux0mXCVqGlzY=
github.com/gogpu/gputypes v0.5.0 h1:i2ED/9w6m6yLxf8XJT69/NIMSNTLO2y5F1LqvugCKIE=
github.com/gogpu/gputypes v0.5.0/go.mod h1:cnXrDMwTpWTvJLW1Vreop3PcT6a2YP/i3s91rPaOavw=
github.com/gogpu/naga v0.17.10 h1:dJjMXb7b5ybSK8XbsiCA5aUVIAvLHjJg129FB1Ocz/I=
github.com/gogpu/naga v0.17.10/go.mod h1:15sQaHKkbqXcwTN+hHYGLsA0WBBnkmYzne/eF5p5WEg=
github.com/gogpu/naga v0.17.11 h1:BndN5LLj3BKSdfjJxrDibs3jdx4YstrkvYTgEoJhsWI=
github.com/gogpu/naga v0.17.11/go.mod h1:15sQaHKkbqXcwTN+hHYGLsA0WBBnkmYzne/eF5p5WEg=
github.com/gogpu/naga v0.17.13 h1:VlponVgD1fEfNotx0874M4n7tnfum8YlMEB3pBdd2Ps=
github.com/gogpu/naga v0.17.13/go.mod h1:15sQaHKkbqXcwTN+hHYGLsA0WBBnkmYzne/eF5p5WEg=
github.com/gogpu/wgpu v0.26.12 h1:lJQVycMf01010YpG4vnODtEWXVHGhAbsK7ksstnRVys=
github.com/gogpu/wgpu v0.26.12/go.mod h1:qiJGYshbptL0nHkoDPW/j7aZw2ILADBTXDsPyPTylCU=
github.com/gogpu/wgpu v0.27.0 h1:KpQa7REbdr21PmlJcpDNPHPsyHD5lPWHauy2qPEIRcc=
github.com/gogpu/wgpu v0.27.0/go.mod h1:b08BKjZLYMNzF918kMnjvgKoSGUR9dTTjvrdSRjPCqk=
github.com/gogpu/wgpu v0.27.2 h1:RFViuDLp3dndli6LynaeSUnZWfMdWsgo4Pn3BM/OUAI=
github.com/gogpu/wgpu v0.27.2/go.mod h1:LordcEpJM76P0Ispw3r+3F2fAhd8khbBL7PgUa2iW/A=
golang.org/x/image v0.39.0 h1:skVYidAEVKgn8lZ602XO75asgXBgLj9G/FE3RbuPFww=
golang.org/x/image v0.39.0/go.mod h1:sIbmppfU+xFLPIG0FoVUTvyBMmgng1/XAMhQ2ft0hpA=
golang.org/x/sys v0.43.0 h1:Rlag2XtaFTxp19wS8MXlJwTvoh8ArU6ezoyFsMyCTNI=
golang.org/x/sys v0.43.0/go.mod h1:4GL1E5IUh+htKOUEOaiffhrAeqysfVGipDYzABqnCmw=
golang.org/x/sys v0.44.0 h1:ildZl3J4uzeKP07r2F++Op7E9B29JRUy+a27EibtBTQ=
golang.org/x/sys v0.44.0/go.mod h1:4GL1E5IUh+htKOUEOaiffhrAeqysfVGipDYzABqnCmw=
golang.org/x/text v0.36.0 h1:JfKh3XmcRPqZPKevfXVpI1wXPTqbkE5f7JA92a55Yxg=
golang.org/x/text v0.36.0/go.mod h1:NIdBknypM8iqVmPiuco0Dh6P5Jcdk8lJL0CUebqK164=
